// !$*UTF8*$!
{
	archiveVersion = 1;
	classes = {
	};
	objectVersion = 52;
	objects = {

/* Begin PBXBuildFile section */
		A1BE7346264D14B800D60764 /* AppDelegate.m in Sources */ = {isa = PBXBuildFile; fileRef = A1BE7345264D14B800D60764 /* AppDelegate.m */; };
		A1BE734C264D14B800D60764 /* FidelExampleViewController.m in Sources */ = {isa = PBXBuildFile; fileRef = A1BE734B264D14B800D60764 /* FidelExampleViewController.m */; };
		A1BE734F264D14B800D60764 /* Main.storyboard in Resources */ = {isa = PBXBuildFile; fileRef = A1BE734D264D14B800D60764 /* Main.storyboard */; };
		A1BE7351264D14B800D60764 /* Assets.xcassets in Resources */ = {isa = PBXBuildFile; fileRef = A1BE7350264D14B800D60764 /* Assets.xcassets */; };
		A1BE7354264D14B800D60764 /* LaunchScreen.storyboard in Resources */ = {isa = PBXBuildFile; fileRef = A1BE7352264D14B800D60764 /* LaunchScreen.storyboard */; };
		A1BE7357264D14B800D60764 /* main.m in Sources */ = {isa = PBXBuildFile; fileRef = A1BE7356264D14B800D60764 /* main.m */; };
		A1BE7360264D181300D60764 /* Fidel.xcframework in Frameworks */ = {isa = PBXBuildFile; fileRef = A1BE735E264D180900D60764 /* Fidel.xcframework */; };
		A1BE7361264D181300D60764 /* Fidel.xcframework in Embed Frameworks */ = {isa = PBXBuildFile; fileRef = A1BE735E264D180900D60764 /* Fidel.xcframework */; settings = {ATTRIBUTES = (CodeSignOnCopy, RemoveHeadersOnCopy, ); }; };
/* End PBXBuildFile section */

/* Begin PBXCopyFilesBuildPhase section */
		A1BE7362264D181300D60764 /* Embed Frameworks */ = {
			isa = PBXCopyFilesBuildPhase;
			buildActionMask = 2147483647;
			dstPath = "";
			dstSubfolderSpec = 10;
			files = (
				A1BE7361264D181300D60764 /* Fidel.xcframework in Embed Frameworks */,
			);
			name = "Embed Frameworks";
			runOnlyForDeploymentPostprocessing = 0;
		};
/* End PBXCopyFilesBuildPhase section */

/* Begin PBXFileReference section */
		A1BE7341264D14B800D60764 /* ObjCExample.app */ = {isa = PBXFileReference; explicitFileType = wrapper.application; includeInIndex = 0; path = ObjCExample.app; sourceTree = BUILT_PRODUCTS_DIR; };
		A1BE7344264D14B800D60764 /* AppDelegate.h */ = {isa = PBXFileReference; lastKnownFileType = sourcecode.c.h; path = AppDelegate.h; sourceTree = "<group>"; };
		A1BE7345264D14B800D60764 /* AppDelegate.m */ = {isa = PBXFileReference; lastKnownFileType = sourcecode.c.objc; path = AppDelegate.m; sourceTree = "<group>"; };
		A1BE734A264D14B800D60764 /* FidelExampleViewController.h */ = {isa = PBXFileReference; lastKnownFileType = sourcecode.c.h; path = FidelExampleViewController.h; sourceTree = "<group>"; };
		A1BE734B264D14B800D60764 /* FidelExampleViewController.m */ = {isa = PBXFileReference; lastKnownFileType = sourcecode.c.objc; path = FidelExampleViewController.m; sourceTree = "<group>"; };
		A1BE734E264D14B800D60764 /* Base */ = {isa = PBXFileReference; lastKnownFileType = file.storyboard; name = Base; path = Base.lproj/Main.storyboard; sourceTree = "<group>"; };
		A1BE7350264D14B800D60764 /* Assets.xcassets */ = {isa = PBXFileReference; lastKnownFileType = folder.assetcatalog; path = Assets.xcassets; sourceTree = "<group>"; };
		A1BE7353264D14B800D60764 /* Base */ = {isa = PBXFileReference; lastKnownFileType = file.storyboard; name = Base; path = Base.lproj/LaunchScreen.storyboard; sourceTree = "<group>"; };
		A1BE7355264D14B800D60764 /* Info.plist */ = {isa = PBXFileReference; lastKnownFileType = text.plist.xml; path = Info.plist; sourceTree = "<group>"; };
		A1BE7356264D14B800D60764 /* main.m */ = {isa = PBXFileReference; lastKnownFileType = sourcecode.c.objc; path = main.m; sourceTree = "<group>"; };
		A1BE735E264D180900D60764 /* Fidel.xcframework */ = {isa = PBXFileReference; lastKnownFileType = wrapper.xcframework; name = Fidel.xcframework; path = ../../../Fidel.xcframework; sourceTree = "<group>"; };
/* End PBXFileReference section */

/* Begin PBXFrameworksBuildPhase section */
		A1BE733E264D14B800D60764 /* Frameworks */ = {
			isa = PBXFrameworksBuildPhase;
			buildActionMask = 2147483647;
			files = (
				A1BE7360264D181300D60764 /* Fidel.xcframework in Frameworks */,
			);
			runOnlyForDeploymentPostprocessing = 0;
		};
/* End PBXFrameworksBuildPhase section */

/* Begin PBXGroup section */
		A1BE7338264D14B800D60764 = {
			isa = PBXGroup;
			children = (
				A1BE735D264D17FB00D60764 /* Frameworks */,
				A1BE7343264D14B800D60764 /* ObjCExample */,
				A1BE7342264D14B800D60764 /* Products */,
			);
			sourceTree = "<group>";
		};
		A1BE7342264D14B800D60764 /* Products */ = {
			isa = PBXGroup;
			children = (
				A1BE7341264D14B800D60764 /* ObjCExample.app */,
			);
			name = Products;
			sourceTree = "<group>";
		};
		A1BE7343264D14B800D60764 /* ObjCExample */ = {
			isa = PBXGroup;
			children = (
				A1BE7344264D14B800D60764 /* AppDelegate.h */,
				A1BE7345264D14B800D60764 /* AppDelegate.m */,
				A1BE734A264D14B800D60764 /* FidelExampleViewController.h */,
				A1BE734B264D14B800D60764 /* FidelExampleViewController.m */,
				A1BE734D264D14B800D60764 /* Main.storyboard */,
				A1BE7350264D14B800D60764 /* Assets.xcassets */,
				A1BE7352264D14B800D60764 /* LaunchScreen.storyboard */,
				A1BE7355264D14B800D60764 /* Info.plist */,
				A1BE7356264D14B800D60764 /* main.m */,
			);
			path = ObjCExample;
			sourceTree = "<group>";
		};
		A1BE735D264D17FB00D60764 /* Frameworks */ = {
			isa = PBXGroup;
			children = (
				A1BE735E264D180900D60764 /* Fidel.xcframework */,
			);
			path = Frameworks;
			sourceTree = "<group>";
		};
/* End PBXGroup section */

/* Begin PBXNativeTarget section */
		A1BE7340264D14B800D60764 /* ObjCExample */ = {
			isa = PBXNativeTarget;
			buildConfigurationList = A1BE735A264D14B800D60764 /* Build configuration list for PBXNativeTarget "ObjCExample" */;
			buildPhases = (
				A1BE733D264D14B800D60764 /* Sources */,
				A1BE733E264D14B800D60764 /* Frameworks */,
				A1BE733F264D14B800D60764 /* Resources */,
				A1BE7362264D181300D60764 /* Embed Frameworks */,
			);
			buildRules = (
			);
			dependencies = (
			);
			name = ObjCExample;
			productName = ObjCExample;
			productReference = A1BE7341264D14B800D60764 /* ObjCExample.app */;
			productType = "com.apple.product-type.application";
		};
/* End PBXNativeTarget section */

/* Begin PBXProject section */
		A1BE7339264D14B800D60764 /* Project object */ = {
			isa = PBXProject;
			attributes = {
				LastUpgradeCheck = 1250;
				TargetAttributes = {
					A1BE7340264D14B800D60764 = {
						CreatedOnToolsVersion = 12.5;
					};
				};
			};
			buildConfigurationList = A1BE733C264D14B800D60764 /* Build configuration list for PBXProject "ObjCExample" */;
			compatibilityVersion = "Xcode 9.3";
			developmentRegion = en;
			hasScannedForEncodings = 0;
			knownRegions = (
				en,
				Base,
			);
			mainGroup = A1BE7338264D14B800D60764;
			productRefGroup = A1BE7342264D14B800D60764 /* Products */;
			projectDirPath = "";
			projectRoot = "";
			targets = (
				A1BE7340264D14B800D60764 /* ObjCExample */,
			);
		};
/* End PBXProject section */

/* Begin PBXResourcesBuildPhase section */
		A1BE733F264D14B800D60764 /* Resources */ = {
			isa = PBXResourcesBuildPhase;
			buildActionMask = 2147483647;
			files = (
				A1BE7354264D14B800D60764 /* LaunchScreen.storyboard in Resources */,
				A1BE7351264D14B800D60764 /* Assets.xcassets in Resources */,
				A1BE734F264D14B800D60764 /* Main.storyboard in Resources */,
			);
			runOnlyForDeploymentPostprocessing = 0;
		};
/* End PBXResourcesBuildPhase section */

/* Begin PBXSourcesBuildPhase section */
		A1BE733D264D14B800D60764 /* Sources */ = {
			isa = PBXSourcesBuildPhase;
			buildActionMask = 2147483647;
			files = (
				A1BE734C264D14B800D60764 /* FidelExampleViewController.m in Sources */,
				A1BE7346264D14B800D60764 /* AppDelegate.m in Sources */,
				A1BE7357264D14B800D60764 /* main.m in Sources */,
			);
			runOnlyForDeploymentPostprocessing = 0;
		};
/* End PBXSourcesBuildPhase section */

/* Begin PBXVariantGroup section */
		A1BE734D264D14B800D60764 /* Main.storyboard */ = {
			isa = PBXVariantGroup;
			children = (
				A1BE734E264D14B800D60764 /* Base */,
			);
			name = Main.storyboard;
			sourceTree = "<group>";
		};
		A1BE7352264D14B800D60764 /* LaunchScreen.storyboard */ = {
			isa = PBXVariantGroup;
			children = (
				A1BE7353264D14B800D60764 /* Base */,
			);
			name = LaunchScreen.storyboard;
			sourceTree = "<group>";
		};
/* End PBXVariantGroup section */

/* Begin XCBuildConfiguration section */
		A1BE7358264D14B800D60764 /* Debug */ = {
			isa = XCBuildConfiguration;
			buildSettings = {
				ALWAYS_SEARCH_USER_PATHS = NO;
				CLANG_ANALYZER_NONNULL = YES;
				CLANG_ANALYZER_NUMBER_OBJECT_CONVERSION = YES_AGGRESSIVE;
				CLANG_CXX_LANGUAGE_STANDARD = "gnu++14";
				CLANG_CXX_LIBRARY = "libc++";
				CLANG_ENABLE_MODULES = YES;
				CLANG_ENABLE_OBJC_ARC = YES;
				CLANG_ENABLE_OBJC_WEAK = YES;
				CLANG_WARN_BLOCK_CAPTURE_AUTORELEASING = YES;
				CLANG_WARN_BOOL_CONVERSION = YES;
				CLANG_WARN_COMMA = YES;
				CLANG_WARN_CONSTANT_CONVERSION = YES;
				CLANG_WARN_DEPRECATED_OBJC_IMPLEMENTATIONS = YES;
				CLANG_WARN_DIRECT_OBJC_ISA_USAGE = YES_ERROR;
				CLANG_WARN_DOCUMENTATION_COMMENTS = YES;
				CLANG_WARN_EMPTY_BODY = YES;
				CLANG_WARN_ENUM_CONVERSION = YES;
				CLANG_WARN_INFINITE_RECURSION = YES;
				CLANG_WARN_INT_CONVERSION = YES;
				CLANG_WARN_NON_LITERAL_NULL_CONVERSION = YES;
				CLANG_WARN_OBJC_IMPLICIT_RETAIN_SELF = YES;
				CLANG_WARN_OBJC_LITERAL_CONVERSION = YES;
				CLANG_WARN_OBJC_ROOT_CLASS = YES_ERROR;
				CLANG_WARN_QUOTED_INCLUDE_IN_FRAMEWORK_HEADER = YES;
				CLANG_WARN_RANGE_LOOP_ANALYSIS = YES;
				CLANG_WARN_STRICT_PROTOTYPES = YES;
				CLANG_WARN_SUSPICIOUS_MOVE = YES;
				CLANG_WARN_UNGUARDED_AVAILABILITY = YES_AGGRESSIVE;
				CLANG_WARN_UNREACHABLE_CODE = YES;
				CLANG_WARN__DUPLICATE_METHOD_MATCH = YES;
				COPY_PHASE_STRIP = NO;
				DEBUG_INFORMATION_FORMAT = dwarf;
				ENABLE_STRICT_OBJC_MSGSEND = YES;
				ENABLE_TESTABILITY = YES;
				GCC_C_LANGUAGE_STANDARD = gnu11;
				GCC_DYNAMIC_NO_PIC = NO;
				GCC_NO_COMMON_BLOCKS = YES;
				GCC_OPTIMIZATION_LEVEL = 0;
				GCC_PREPROCESSOR_DEFINITIONS = (
					"DEBUG=1",
					"$(inherited)",
				);
				GCC_WARN_64_TO_32_BIT_CONVERSION = YES;
				GCC_WARN_ABOUT_RETURN_TYPE = YES_ERROR;
				GCC_WARN_UNDECLARED_SELECTOR = YES;
				GCC_WARN_UNINITIALIZED_AUTOS = YES_AGGRESSIVE;
				GCC_WARN_UNUSED_FUNCTION = YES;
				GCC_WARN_UNUSED_VARIABLE = YES;
				IPHONEOS_DEPLOYMENT_TARGET = 14.5;
				MTL_ENABLE_DEBUG_INFO = INCLUDE_SOURCE;
				MTL_FAST_MATH = YES;
				ONLY_ACTIVE_ARCH = YES;
				SDKROOT = iphoneos;
			};
			name = Debug;
		};
		A1BE7359264D14B800D60764 /* Release */ = {
			isa = XCBuildConfiguration;
			buildSettings = {
				ALWAYS_SEARCH_USER_PATHS = NO;
				CLANG_ANALYZER_NONNULL = YES;
				CLANG_ANALYZER_NUMBER_OBJECT_CONVERSION = YES_AGGRESSIVE;
				CLANG_CXX_LANGUAGE_STANDARD = "gnu++14";
				CLANG_CXX_LIBRARY = "libc++";
				CLANG_ENABLE_MODULES = YES;
				CLANG_ENABLE_OBJC_ARC = YES;
				CLANG_ENABLE_OBJC_WEAK = YES;
				CLANG_WARN_BLOCK_CAPTURE_AUTORELEASING = YES;
				CLANG_WARN_BOOL_CONVERSION = YES;
				CLANG_WARN_COMMA = YES;
				CLANG_WARN_CONSTANT_CONVERSION = YES;
				CLANG_WARN_DEPRECATED_OBJC_IMPLEMENTATIONS = YES;
				CLANG_WARN_DIRECT_OBJC_ISA_USAGE = YES_ERROR;
				CLANG_WARN_DOCUMENTATION_COMMENTS = YES;
				CLANG_WARN_EMPTY_BODY = YES;
				CLANG_WARN_ENUM_CONVERSION = YES;
				CLANG_WARN_INFINITE_RECURSION = YES;
				CLANG_WARN_INT_CONVERSION = YES;
				CLANG_WARN_NON_LITERAL_NULL_CONVERSION = YES;
				CLANG_WARN_OBJC_IMPLICIT_RETAIN_SELF = YES;
				CLANG_WARN_OBJC_LITERAL_CONVERSION = YES;
				CLANG_WARN_OBJC_ROOT_CLASS = YES_ERROR;
				CLANG_WARN_QUOTED_INCLUDE_IN_FRAMEWORK_HEADER = YES;
				CLANG_WARN_RANGE_LOOP_ANALYSIS = YES;
				CLANG_WARN_STRICT_PROTOTYPES = YES;
				CLANG_WARN_SUSPICIOUS_MOVE = YES;
				CLANG_WARN_UNGUARDED_AVAILABILITY = YES_AGGRESSIVE;
				CLANG_WARN_UNREACHABLE_CODE = YES;
				CLANG_WARN__DUPLICATE_METHOD_MATCH = YES;
				COPY_PHASE_STRIP = NO;
				DEBUG_INFORMATION_FORMAT = "dwarf-with-dsym";
				ENABLE_NS_ASSERTIONS = NO;
				ENABLE_STRICT_OBJC_MSGSEND = YES;
				GCC_C_LANGUAGE_STANDARD = gnu11;
				GCC_NO_COMMON_BLOCKS = YES;
				GCC_WARN_64_TO_32_BIT_CONVERSION = YES;
				GCC_WARN_ABOUT_RETURN_TYPE = YES_ERROR;
				GCC_WARN_UNDECLARED_SELECTOR = YES;
				GCC_WARN_UNINITIALIZED_AUTOS = YES_AGGRESSIVE;
				GCC_WARN_UNUSED_FUNCTION = YES;
				GCC_WARN_UNUSED_VARIABLE = YES;
				IPHONEOS_DEPLOYMENT_TARGET = 14.5;
				MTL_ENABLE_DEBUG_INFO = NO;
				MTL_FAST_MATH = YES;
				SDKROOT = iphoneos;
				VALIDATE_PRODUCT = YES;
			};
			name = Release;
		};
		A1BE735B264D14B800D60764 /* Debug */ = {
			isa = XCBuildConfiguration;
			buildSettings = {
				ASSETCATALOG_COMPILER_APPICON_NAME = AppIcon;
				ASSETCATALOG_COMPILER_GLOBAL_ACCENT_COLOR_NAME = AccentColor;
				CODE_SIGN_STYLE = Automatic;
				INFOPLIST_FILE = ObjCExample/Info.plist;
				IPHONEOS_DEPLOYMENT_TARGET = 9.1;
				LD_RUNPATH_SEARCH_PATHS = (
					"$(inherited)",
					"@executable_path/Frameworks",
				);
				PRODUCT_BUNDLE_IDENTIFIER = uk.fidel.ObjCExample;
				PRODUCT_NAME = "$(TARGET_NAME)";
				TARGETED_DEVICE_FAMILY = "1,2";
			};
			name = Debug;
		};
		A1BE735C264D14B800D60764 /* Release */ = {
			isa = XCBuildConfiguration;
			buildSettings = {
				ASSETCATALOG_COMPILER_APPICON_NAME = AppIcon;
				ASSETCATALOG_COMPILER_GLOBAL_ACCENT_COLOR_NAME = AccentColor;
				CODE_SIGN_STYLE = Automatic;
				INFOPLIST_FILE = ObjCExample/Info.plist;
				IPHONEOS_DEPLOYMENT_TARGET = 9.1;
				LD_RUNPATH_SEARCH_PATHS = (
					"$(inherited)",
					"@executable_path/Frameworks",
				);
				PRODUCT_BUNDLE_IDENTIFIER = uk.fidel.ObjCExample;
				PRODUCT_NAME = "$(TARGET_NAME)";
				TARGETED_DEVICE_FAMILY = "1,2";
			};
			name = Release;
		};
/* End XCBuildConfiguration section */

/* Begin XCConfigurationList section */
		A1BE733C264D14B800D60764 /* Build configuration list for PBXProject "ObjCExample" */ = {
			isa = XCConfigurationList;
			buildConfigurations = (
				A1BE7358264D14B800D60764 /* Debug */,
				A1BE7359264D14B800D60764 /* Release */,
			);
			defaultConfigurationIsVisible = 0;
			defaultConfigurationName = Release;
		};
		A1BE735A264D14B800D60764 /* Build configuration list for PBXNativeTarget "ObjCExample" */ = {
			isa = XCConfigurationList;
			buildConfigurations = (
				A1BE735B264D14B800D60764 /* Debug */,
				A1BE735C264D14B800D60764 /* Release */,
			);
			defaultConfigurationIsVisible = 0;
			defaultConfigurationName = Release;
		};
/* End XCConfigurationList section */
	};
	rootObject = A1BE7339264D14B800D60764 /* Project object */;
}
