// !$*UTF8*$!
{
	archiveVersion = 1;
	classes = {
	};
	objectVersion = 51;
	objects = {

/* Begin PBXBuildFile section */
		8FB9BB20010E852780D94A6F /* Pods_SwiftCocoapodsExample.framework in Frameworks */ = {isa = PBXBuildFile; fileRef = CB970FD7C8137B8BDC40E79A /* Pods_SwiftCocoapodsExample.framework */; };
		A1BE72DA264D027E00D60764 /* AppDelegate.swift in Sources */ = {isa = PBXBuildFile; fileRef = A1BE72D9264D027E00D60764 /* AppDelegate.swift */; };
		A1BE72DE264D027E00D60764 /* FidelExampleViewController.swift in Sources */ = {isa = PBXBuildFile; fileRef = A1BE72DD264D027E00D60764 /* FidelExampleViewController.swift */; };
		A1BE72E1264D027E00D60764 /* Main.storyboard in Resources */ = {isa = PBXBuildFile; fileRef = A1BE72DF264D027E00D60764 /* Main.storyboard */; };
		A1BE72E3264D027F00D60764 /* Assets.xcassets in Resources */ = {isa = PBXBuildFile; fileRef = A1BE72E2264D027F00D60764 /* Assets.xcassets */; };
		A1BE72E6264D027F00D60764 /* LaunchScreen.storyboard in Resources */ = {isa = PBXBuildFile; fileRef = A1BE72E4264D027F00D60764 /* LaunchScreen.storyboard */; };
/* End PBXBuildFile section */

/* Begin PBXFileReference section */
		9BD75E2988D99C3A729736C3 /* Pods-SwiftCocoapodsExample.debug.xcconfig */ = {isa = PBXFileReference; includeInIndex = 1; lastKnownFileType = text.xcconfig; name = "Pods-SwiftCocoapodsExample.debug.xcconfig"; path = "Target Support Files/Pods-SwiftCocoapodsExample/Pods-SwiftCocoapodsExample.debug.xcconfig"; sourceTree = "<group>"; };
		A1BE72D6264D027E00D60764 /* SwiftCocoapodsExample.app */ = {isa = PBXFileReference; explicitFileType = wrapper.application; includeInIndex = 0; path = SwiftCocoapodsExample.app; sourceTree = BUILT_PRODUCTS_DIR; };
		A1BE72D9264D027E00D60764 /* AppDelegate.swift */ = {isa = PBXFileReference; lastKnownFileType = sourcecode.swift; path = AppDelegate.swift; sourceTree = "<group>"; };
		A1BE72DD264D027E00D60764 /* FidelExampleViewController.swift */ = {isa = PBXFileReference; lastKnownFileType = sourcecode.swift; path = FidelExampleViewController.swift; sourceTree = "<group>"; };
		A1BE72E0264D027E00D60764 /* Base */ = {isa = PBXFileReference; lastKnownFileType = file.storyboard; name = Base; path = Base.lproj/Main.storyboard; sourceTree = "<group>"; };
		A1BE72E2264D027F00D60764 /* Assets.xcassets */ = {isa = PBXFileReference; lastKnownFileType = folder.assetcatalog; path = Assets.xcassets; sourceTree = "<group>"; };
		A1BE72E5264D027F00D60764 /* Base */ = {isa = PBXFileReference; lastKnownFileType = file.storyboard; name = Base; path = Base.lproj/LaunchScreen.storyboard; sourceTree = "<group>"; };
		A1BE72E7264D027F00D60764 /* Info.plist */ = {isa = PBXFileReference; lastKnownFileType = text.plist.xml; path = Info.plist; sourceTree = "<group>"; };
		C02EDFFC0D48195CBBF28812 /* Pods-SwiftCocoapodsExample.release.xcconfig */ = {isa = PBXFileReference; includeInIndex = 1; lastKnownFileType = text.xcconfig; name = "Pods-SwiftCocoapodsExample.release.xcconfig"; path = "Target Support Files/Pods-SwiftCocoapodsExample/Pods-SwiftCocoapodsExample.release.xcconfig"; sourceTree = "<group>"; };
		CB970FD7C8137B8BDC40E79A /* Pods_SwiftCocoapodsExample.framework */ = {isa = PBXFileReference; explicitFileType = wrapper.framework; includeInIndex = 0; path = Pods_SwiftCocoapodsExample.framework; sourceTree = BUILT_PRODUCTS_DIR; };
/* End PBXFileReference section */

/* Begin PBXFrameworksBuildPhase section */
		A1BE72D3264D027E00D60764 /* Frameworks */ = {
			isa = PBXFrameworksBuildPhase;
			buildActionMask = 2147483647;
			files = (
				8FB9BB20010E852780D94A6F /* Pods_SwiftCocoapodsExample.framework in Frameworks */,
			);
			runOnlyForDeploymentPostprocessing = 0;
		};
/* End PBXFrameworksBuildPhase section */

/* Begin PBXGroup section */
		66960EBF1E47715FB915B5C2 /* Pods */ = {
			isa = PBXGroup;
			children = (
				9BD75E2988D99C3A729736C3 /* Pods-SwiftCocoapodsExample.debug.xcconfig */,
				C02EDFFC0D48195CBBF28812 /* Pods-SwiftCocoapodsExample.release.xcconfig */,
			);
			path = Pods;
			sourceTree = "<group>";
		};
		A1BE72CD264D027E00D60764 = {
			isa = PBXGroup;
			children = (
				A1BE72D8264D027E00D60764 /* SwiftCocoapodsExample */,
				A1BE72D7264D027E00D60764 /* Products */,
				66960EBF1E47715FB915B5C2 /* Pods */,
				D62F942271AA738A82005B8D /* Frameworks */,
			);
			sourceTree = "<group>";
		};
		A1BE72D7264D027E00D60764 /* Products */ = {
			isa = PBXGroup;
			children = (
				A1BE72D6264D027E00D60764 /* SwiftCocoapodsExample.app */,
			);
			name = Products;
			sourceTree = "<group>";
		};
		A1BE72D8264D027E00D60764 /* SwiftCocoapodsExample */ = {
			isa = PBXGroup;
			children = (
				A1BE72D9264D027E00D60764 /* AppDelegate.swift */,
				A1BE72DD264D027E00D60764 /* FidelExampleViewController.swift */,
				A1BE72DF264D027E00D60764 /* Main.storyboard */,
				A1BE72E2264D027F00D60764 /* Assets.xcassets */,
				A1BE72E4264D027F00D60764 /* LaunchScreen.storyboard */,
				A1BE72E7264D027F00D60764 /* Info.plist */,
			);
			path = SwiftCocoapodsExample;
			sourceTree = "<group>";
		};
		D62F942271AA738A82005B8D /* Frameworks */ = {
			isa = PBXGroup;
			children = (
				CB970FD7C8137B8BDC40E79A /* Pods_SwiftCocoapodsExample.framework */,
			);
			name = Frameworks;
			sourceTree = "<group>";
		};
/* End PBXGroup section */

/* Begin PBXNativeTarget section */
		A1BE72D5264D027E00D60764 /* SwiftCocoapodsExample */ = {
			isa = PBXNativeTarget;
			buildConfigurationList = A1BE72EA264D027F00D60764 /* Build configuration list for PBXNativeTarget "SwiftCocoapodsExample" */;
			buildPhases = (
				16ABE9BF090E095E10C3E9E3 /* [CP] Check Pods Manifest.lock */,
				A1BE72D2264D027E00D60764 /* Sources */,
				A1BE72D3264D027E00D60764 /* Frameworks */,
				A1BE72D4264D027E00D60764 /* Resources */,
				DB4251EB7CEC07EEB5AED956 /* [CP] Embed Pods Frameworks */,
			);
			buildRules = (
			);
			dependencies = (
			);
			name = SwiftCocoapodsExample;
			productName = SwiftCocoapodsExample;
			productReference = A1BE72D6264D027E00D60764 /* SwiftCocoapodsExample.app */;
			productType = "com.apple.product-type.application";
		};
/* End PBXNativeTarget section */

/* Begin PBXProject section */
		A1BE72CE264D027E00D60764 /* Project object */ = {
			isa = PBXProject;
			attributes = {
				LastSwiftUpdateCheck = 1250;
				LastUpgradeCheck = 1250;
				TargetAttributes = {
					A1BE72D5264D027E00D60764 = {
						CreatedOnToolsVersion = 12.5;
					};
				};
			};
			buildConfigurationList = A1BE72D1264D027E00D60764 /* Build configuration list for PBXProject "SwiftCocoapodsExample" */;
			compatibilityVersion = "Xcode 9.3";
			developmentRegion = en;
			hasScannedForEncodings = 0;
			knownRegions = (
				en,
				Base,
			);
			mainGroup = A1BE72CD264D027E00D60764;
			productRefGroup = A1BE72D7264D027E00D60764 /* Products */;
			projectDirPath = "";
			projectRoot = "";
			targets = (
				A1BE72D5264D027E00D60764 /* SwiftCocoapodsExample */,
			);
		};
/* End PBXProject section */

/* Begin PBXResourcesBuildPhase section */
		A1BE72D4264D027E00D60764 /* Resources */ = {
			isa = PBXResourcesBuildPhase;
			buildActionMask = 2147483647;
			files = (
				A1BE72E6264D027F00D60764 /* LaunchScreen.storyboard in Resources */,
				A1BE72E3264D027F00D60764 /* Assets.xcassets in Resources */,
				A1BE72E1264D027E00D60764 /* Main.storyboard in Resources */,
			);
			runOnlyForDeploymentPostprocessing = 0;
		};
/* End PBXResourcesBuildPhase section */

/* Begin PBXShellScriptBuildPhase section */
		16ABE9BF090E095E10C3E9E3 /* [CP] Check Pods Manifest.lock */ = {
			isa = PBXShellScriptBuildPhase;
			buildActionMask = 2147483647;
			files = (
			);
			inputFileListPaths = (
			);
			inputPaths = (
				"${PODS_PODFILE_DIR_PATH}/Podfile.lock",
				"${PODS_ROOT}/Manifest.lock",
			);
			name = "[CP] Check Pods Manifest.lock";
			outputFileListPaths = (
			);
			outputPaths = (
				"$(DERIVED_FILE_DIR)/Pods-SwiftCocoapodsExample-checkManifestLockResult.txt",
			);
			runOnlyForDeploymentPostprocessing = 0;
			shellPath = /bin/sh;
			shellScript = "diff \"${PODS_PODFILE_DIR_PATH}/Podfile.lock\" \"${PODS_ROOT}/Manifest.lock\" > /dev/null\nif [ $? != 0 ] ; then\n    # print error to STDERR\n    echo \"error: The sandbox is not in sync with the Podfile.lock. Run 'pod install' or update your CocoaPods installation.\" >&2\n    exit 1\nfi\n# This output is used by Xcode 'outputs' to avoid re-running this script phase.\necho \"SUCCESS\" > \"${SCRIPT_OUTPUT_FILE_0}\"\n";
			showEnvVarsInLog = 0;
		};
		DB4251EB7CEC07EEB5AED956 /* [CP] Embed Pods Frameworks */ = {
			isa = PBXShellScriptBuildPhase;
			buildActionMask = 2147483647;
			files = (
			);
			inputFileListPaths = (
				"${PODS_ROOT}/Target Support Files/Pods-SwiftCocoapodsExample/Pods-SwiftCocoapodsExample-frameworks-${CONFIGURATION}-input-files.xcfilelist",
			);
			name = "[CP] Embed Pods Frameworks";
			outputFileListPaths = (
				"${PODS_ROOT}/Target Support Files/Pods-SwiftCocoapodsExample/Pods-SwiftCocoapodsExample-frameworks-${CONFIGURATION}-output-files.xcfilelist",
			);
			runOnlyForDeploymentPostprocessing = 0;
			shellPath = /bin/sh;
			shellScript = "\"${PODS_ROOT}/Target Support Files/Pods-SwiftCocoapodsExample/Pods-SwiftCocoapodsExample-frameworks.sh\"\n";
			showEnvVarsInLog = 0;
		};
/* End PBXShellScriptBuildPhase section */

/* Begin PBXSourcesBuildPhase section */
		A1BE72D2264D027E00D60764 /* Sources */ = {
			isa = PBXSourcesBuildPhase;
			buildActionMask = 2147483647;
			files = (
				A1BE72DE264D027E00D60764 /* FidelExampleViewController.swift in Sources */,
				A1BE72DA264D027E00D60764 /* AppDelegate.swift in Sources */,
			);
			runOnlyForDeploymentPostprocessing = 0;
		};
/* End PBXSourcesBuildPhase section */

/* Begin PBXVariantGroup section */
		A1BE72DF264D027E00D60764 /* Main.storyboard */ = {
			isa = PBXVariantGroup;
			children = (
				A1BE72E0264D027E00D60764 /* Base */,
			);
			name = Main.storyboard;
			sourceTree = "<group>";
		};
		A1BE72E4264D027F00D60764 /* LaunchScreen.storyboard */ = {
			isa = PBXVariantGroup;
			children = (
				A1BE72E5264D027F00D60764 /* Base */,
			);
			name = LaunchScreen.storyboard;
			sourceTree = "<group>";
		};
/* End PBXVariantGroup section */

/* Begin XCBuildConfiguration section */
		A1BE72E8264D027F00D60764 /* Debug */ = {
			isa = XCBuildConfiguration;
			buildSettings = {
				ALWAYS_SEARCH_USER_PATHS = NO;
				CLANG_ANALYZER_NONNULL = YES;
				CLANG_ANALYZER_NUMBER_OBJECT_CONVERSION = YES_AGGRESSIVE;
				CLANG_CXX_LANGUAGE_STANDARD = "gnu++14";
				CLANG_CXX_LIBRARY = "libc++";
				CLANG_ENABLE_MODULES = YES;
				CLANG_ENABLE_OBJC_ARC = YES;
				CLANG_ENABLE_OBJC_WEAK = YES;
				CLANG_WARN_BLOCK_CAPTURE_AUTORELEASING = YES;
				CLANG_WARN_BOOL_CONVERSION = YES;
				CLANG_WARN_COMMA = YES;
				CLANG_WARN_CONSTANT_CONVERSION = YES;
				CLANG_WARN_DEPRECATED_OBJC_IMPLEMENTATIONS = YES;
				CLANG_WARN_DIRECT_OBJC_ISA_USAGE = YES_ERROR;
				CLANG_WARN_DOCUMENTATION_COMMENTS = YES;
				CLANG_WARN_EMPTY_BODY = YES;
				CLANG_WARN_ENUM_CONVERSION = YES;
				CLANG_WARN_INFINITE_RECURSION = YES;
				CLANG_WARN_INT_CONVERSION = YES;
				CLANG_WARN_NON_LITERAL_NULL_CONVERSION = YES;
				CLANG_WARN_OBJC_IMPLICIT_RETAIN_SELF = YES;
				CLANG_WARN_OBJC_LITERAL_CONVERSION = YES;
				CLANG_WARN_OBJC_ROOT_CLASS = YES_ERROR;
				CLANG_WARN_QUOTED_INCLUDE_IN_FRAMEWORK_HEADER = YES;
				CLANG_WARN_RANGE_LOOP_ANALYSIS = YES;
				CLANG_WARN_STRICT_PROTOTYPES = YES;
				CLANG_WARN_SUSPICIOUS_MOVE = YES;
				CLANG_WARN_UNGUARDED_AVAILABILITY = YES_AGGRESSIVE;
				CLANG_WARN_UNREACHABLE_CODE = YES;
				CLANG_WARN__DUPLICATE_METHOD_MATCH = YES;
				COPY_PHASE_STRIP = NO;
				DEBUG_INFORMATION_FORMAT = dwarf;
				ENABLE_STRICT_OBJC_MSGSEND = YES;
				ENABLE_TESTABILITY = YES;
				GCC_C_LANGUAGE_STANDARD = gnu11;
				GCC_DYNAMIC_NO_PIC = NO;
				GCC_NO_COMMON_BLOCKS = YES;
				GCC_OPTIMIZATION_LEVEL = 0;
				GCC_PREPROCESSOR_DEFINITIONS = (
					"DEBUG=1",
					"$(inherited)",
				);
				GCC_WARN_64_TO_32_BIT_CONVERSION = YES;
				GCC_WARN_ABOUT_RETURN_TYPE = YES_ERROR;
				GCC_WARN_UNDECLARED_SELECTOR = YES;
				GCC_WARN_UNINITIALIZED_AUTOS = YES_AGGRESSIVE;
				GCC_WARN_UNUSED_FUNCTION = YES;
				GCC_WARN_UNUSED_VARIABLE = YES;
				IPHONEOS_DEPLOYMENT_TARGET = 14.5;
				MTL_ENABLE_DEBUG_INFO = INCLUDE_SOURCE;
				MTL_FAST_MATH = YES;
				ONLY_ACTIVE_ARCH = YES;
				SDKROOT = iphoneos;
				SWIFT_ACTIVE_COMPILATION_CONDITIONS = DEBUG;
				SWIFT_OPTIMIZATION_LEVEL = "-Onone";
			};
			name = Debug;
		};
		A1BE72E9264D027F00D60764 /* Release */ = {
			isa = XCBuildConfiguration;
			buildSettings = {
				ALWAYS_SEARCH_USER_PATHS = NO;
				CLANG_ANALYZER_NONNULL = YES;
				CLANG_ANALYZER_NUMBER_OBJECT_CONVERSION = YES_AGGRESSIVE;
				CLANG_CXX_LANGUAGE_STANDARD = "gnu++14";
				CLANG_CXX_LIBRARY = "libc++";
				CLANG_ENABLE_MODULES = YES;
				CLANG_ENABLE_OBJC_ARC = YES;
				CLANG_ENABLE_OBJC_WEAK = YES;
				CLANG_WARN_BLOCK_CAPTURE_AUTORELEASING = YES;
				CLANG_WARN_BOOL_CONVERSION = YES;
				CLANG_WARN_COMMA = YES;
				CLANG_WARN_CONSTANT_CONVERSION = YES;
				CLANG_WARN_DEPRECATED_OBJC_IMPLEMENTATIONS = YES;
				CLANG_WARN_DIRECT_OBJC_ISA_USAGE = YES_ERROR;
				CLANG_WARN_DOCUMENTATION_COMMENTS = YES;
				CLANG_WARN_EMPTY_BODY = YES;
				CLANG_WARN_ENUM_CONVERSION = YES;
				CLANG_WARN_INFINITE_RECURSION = YES;
				CLANG_WARN_INT_CONVERSION = YES;
				CLANG_WARN_NON_LITERAL_NULL_CONVERSION = YES;
				CLANG_WARN_OBJC_IMPLICIT_RETAIN_SELF = YES;
				CLANG_WARN_OBJC_LITERAL_CONVERSION = YES;
				CLANG_WARN_OBJC_ROOT_CLASS = YES_ERROR;
				CLANG_WARN_QUOTED_INCLUDE_IN_FRAMEWORK_HEADER = YES;
				CLANG_WARN_RANGE_LOOP_ANALYSIS = YES;
				CLANG_WARN_STRICT_PROTOTYPES = YES;
				CLANG_WARN_SUSPICIOUS_MOVE = YES;
				CLANG_WARN_UNGUARDED_AVAILABILITY = YES_AGGRESSIVE;
				CLANG_WARN_UNREACHABLE_CODE = YES;
				CLANG_WARN__DUPLICATE_METHOD_MATCH = YES;
				COPY_PHASE_STRIP = NO;
				DEBUG_INFORMATION_FORMAT = "dwarf-with-dsym";
				ENABLE_NS_ASSERTIONS = NO;
				ENABLE_STRICT_OBJC_MSGSEND = YES;
				GCC_C_LANGUAGE_STANDARD = gnu11;
				GCC_NO_COMMON_BLOCKS = YES;
				GCC_WARN_64_TO_32_BIT_CONVERSION = YES;
				GCC_WARN_ABOUT_RETURN_TYPE = YES_ERROR;
				GCC_WARN_UNDECLARED_SELECTOR = YES;
				GCC_WARN_UNINITIALIZED_AUTOS = YES_AGGRESSIVE;
				GCC_WARN_UNUSED_FUNCTION = YES;
				GCC_WARN_UNUSED_VARIABLE = YES;
				IPHONEOS_DEPLOYMENT_TARGET = 14.5;
				MTL_ENABLE_DEBUG_INFO = NO;
				MTL_FAST_MATH = YES;
				SDKROOT = iphoneos;
				SWIFT_COMPILATION_MODE = wholemodule;
				SWIFT_OPTIMIZATION_LEVEL = "-O";
				VALIDATE_PRODUCT = YES;
			};
			name = Release;
		};
		A1BE72EB264D027F00D60764 /* Debug */ = {
			isa = XCBuildConfiguration;
			baseConfigurationReference = 9BD75E2988D99C3A729736C3 /* Pods-SwiftCocoapodsExample.debug.xcconfig */;
			buildSettings = {
				ASSETCATALOG_COMPILER_APPICON_NAME = AppIcon;
				ASSETCATALOG_COMPILER_GLOBAL_ACCENT_COLOR_NAME = AccentColor;
				CODE_SIGN_STYLE = Automatic;
				DEVELOPMENT_TEAM = "";
				INFOPLIST_FILE = SwiftCocoapodsExample/Info.plist;
				IPHONEOS_DEPLOYMENT_TARGET = 9.1;
				LD_RUNPATH_SEARCH_PATHS = (
					"$(inherited)",
					"@executable_path/Frameworks",
				);
				PRODUCT_BUNDLE_IDENTIFIER = uk.fidel.SwiftCocoapodsExample;
				PRODUCT_NAME = "$(TARGET_NAME)";
				SWIFT_VERSION = 5.0;
				TARGETED_DEVICE_FAMILY = 1;
			};
			name = Debug;
		};
		A1BE72EC264D027F00D60764 /* Release */ = {
			isa = XCBuildConfiguration;
			baseConfigurationReference = C02EDFFC0D48195CBBF28812 /* Pods-SwiftCocoapodsExample.release.xcconfig */;
			buildSettings = {
				ASSETCATALOG_COMPILER_APPICON_NAME = AppIcon;
				ASSETCATALOG_COMPILER_GLOBAL_ACCENT_COLOR_NAME = AccentColor;
				CODE_SIGN_STYLE = Automatic;
				DEVELOPMENT_TEAM = "";
				INFOPLIST_FILE = SwiftCocoapodsExample/Info.plist;
				IPHONEOS_DEPLOYMENT_TARGET = 9.1;
				LD_RUNPATH_SEARCH_PATHS = (
					"$(inherited)",
					"@executable_path/Frameworks",
				);
				PRODUCT_BUNDLE_IDENTIFIER = uk.fidel.SwiftCocoapodsExample;
				PRODUCT_NAME = "$(TARGET_NAME)";
				SWIFT_VERSION = 5.0;
				TARGETED_DEVICE_FAMILY = 1;
			};
			name = Release;
		};
/* End XCBuildConfiguration section */

/* Begin XCConfigurationList section */
		A1BE72D1264D027E00D60764 /* Build configuration list for PBXProject "SwiftCocoapodsExample" */ = {
			isa = XCConfigurationList;
			buildConfigurations = (
				A1BE72E8264D027F00D60764 /* Debug */,
				A1BE72E9264D027F00D60764 /* Release */,
			);
			defaultConfigurationIsVisible = 0;
			defaultConfigurationName = Release;
		};
		A1BE72EA264D027F00D60764 /* Build configuration list for PBXNativeTarget "SwiftCocoapodsExample" */ = {
			isa = XCConfigurationList;
			buildConfigurations = (
				A1BE72EB264D027F00D60764 /* Debug */,
				A1BE72EC264D027F00D60764 /* Release */,
			);
			defaultConfigurationIsVisible = 0;
			defaultConfigurationName = Release;
		};
/* End XCConfigurationList section */
	};
	rootObject = A1BE72CE264D027E00D60764 /* Project object */;
}
