// !$*UTF8*$!
{
	archiveVersion = 1;
	classes = {
	};
	objectVersion = 51;
	objects = {

/* Begin PBXBuildFile section */
		A1BE72FB264D0A5E00D60764 /* AppDelegate.m in Sources */ = {isa = PBXBuildFile; fileRef = A1BE72FA264D0A5E00D60764 /* AppDelegate.m */; };
		A1BE7301264D0A5E00D60764 /* FidelExampleViewController.m in Sources */ = {isa = PBXBuildFile; fileRef = A1BE7300264D0A5E00D60764 /* FidelExampleViewController.m */; };
		A1BE7304264D0A5E00D60764 /* Main.storyboard in Resources */ = {isa = PBXBuildFile; fileRef = A1BE7302264D0A5E00D60764 /* Main.storyboard */; };
		A1BE7306264D0A5F00D60764 /* Assets.xcassets in Resources */ = {isa = PBXBuildFile; fileRef = A1BE7305264D0A5F00D60764 /* Assets.xcassets */; };
		A1BE7309264D0A5F00D60764 /* LaunchScreen.storyboard in Resources */ = {isa = PBXBuildFile; fileRef = A1BE7307264D0A5F00D60764 /* LaunchScreen.storyboard */; };
		A1BE730C264D0A5F00D60764 /* main.m in Sources */ = {isa = PBXBuildFile; fileRef = A1BE730B264D0A5F00D60764 /* main.m */; };
		B08C62A2D2C093F2784FD046 /* Pods_ObjCCocoapodsExample.framework in Frameworks */ = {isa = PBXBuildFile; fileRef = A390259A96BF69CF679550E6 /* Pods_ObjCCocoapodsExample.framework */; };
/* End PBXBuildFile section */

/* Begin PBXFileReference section */
		11BE2B7AFB8C6B7AF1B8D69A /* Pods-ObjCCocoapodsExample.release.xcconfig */ = {isa = PBXFileReference; includeInIndex = 1; lastKnownFileType = text.xcconfig; name = "Pods-ObjCCocoapodsExample.release.xcconfig"; path = "Target Support Files/Pods-ObjCCocoapodsExample/Pods-ObjCCocoapodsExample.release.xcconfig"; sourceTree = "<group>"; };
		A1BE72F6264D0A5E00D60764 /* ObjCCocoapodsExample.app */ = {isa = PBXFileReference; explicitFileType = wrapper.application; includeInIndex = 0; path = ObjCCocoapodsExample.app; sourceTree = BUILT_PRODUCTS_DIR; };
		A1BE72F9264D0A5E00D60764 /* AppDelegate.h */ = {isa = PBXFileReference; lastKnownFileType = sourcecode.c.h; path = AppDelegate.h; sourceTree = "<group>"; };
		A1BE72FA264D0A5E00D60764 /* AppDelegate.m */ = {isa = PBXFileReference; lastKnownFileType = sourcecode.c.objc; path = AppDelegate.m; sourceTree = "<group>"; };
		A1BE72FF264D0A5E00D60764 /* FidelExampleViewController.h */ = {isa = PBXFileReference; lastKnownFileType = sourcecode.c.h; path = FidelExampleViewController.h; sourceTree = "<group>"; };
		A1BE7300264D0A5E00D60764 /* FidelExampleViewController.m */ = {isa = PBXFileReference; lastKnownFileType = sourcecode.c.objc; path = FidelExampleViewController.m; sourceTree = "<group>"; };
		A1BE7303264D0A5E00D60764 /* Base */ = {isa = PBXFileReference; lastKnownFileType = file.storyboard; name = Base; path = Base.lproj/Main.storyboard; sourceTree = "<group>"; };
		A1BE7305264D0A5F00D60764 /* Assets.xcassets */ = {isa = PBXFileReference; lastKnownFileType = folder.assetcatalog; path = Assets.xcassets; sourceTree = "<group>"; };
		A1BE7308264D0A5F00D60764 /* Base */ = {isa = PBXFileReference; lastKnownFileType = file.storyboard; name = Base; path = Base.lproj/LaunchScreen.storyboard; sourceTree = "<group>"; };
		A1BE730A264D0A5F00D60764 /* Info.plist */ = {isa = PBXFileReference; lastKnownFileType = text.plist.xml; path = Info.plist; sourceTree = "<group>"; };
		A1BE730B264D0A5F00D60764 /* main.m */ = {isa = PBXFileReference; lastKnownFileType = sourcecode.c.objc; path = main.m; sourceTree = "<group>"; };
		A390259A96BF69CF679550E6 /* Pods_ObjCCocoapodsExample.framework */ = {isa = PBXFileReference; explicitFileType = wrapper.framework; includeInIndex = 0; path = Pods_ObjCCocoapodsExample.framework; sourceTree = BUILT_PRODUCTS_DIR; };
		D9F11457AD4D76CE2460BA89 /* Pods-ObjCCocoapodsExample.debug.xcconfig */ = {isa = PBXFileReference; includeInIndex = 1; lastKnownFileType = text.xcconfig; name = "Pods-ObjCCocoapodsExample.debug.xcconfig"; path = "Target Support Files/Pods-ObjCCocoapodsExample/Pods-ObjCCocoapodsExample.debug.xcconfig"; sourceTree = "<group>"; };
/* End PBXFileReference section */

/* Begin PBXFrameworksBuildPhase section */
		A1BE72F3264D0A5E00D60764 /* Frameworks */ = {
			isa = PBXFrameworksBuildPhase;
			buildActionMask = 2147483647;
			files = (
				B08C62A2D2C093F2784FD046 /* Pods_ObjCCocoapodsExample.framework in Frameworks */,
			);
			runOnlyForDeploymentPostprocessing = 0;
		};
/* End PBXFrameworksBuildPhase section */

/* Begin PBXGroup section */
		3EE9F0E3C1D3996D5129A7E0 /* Pods */ = {
			isa = PBXGroup;
			children = (
				D9F11457AD4D76CE2460BA89 /* Pods-ObjCCocoapodsExample.debug.xcconfig */,
				11BE2B7AFB8C6B7AF1B8D69A /* Pods-ObjCCocoapodsExample.release.xcconfig */,
			);
			path = Pods;
			sourceTree = "<group>";
		};
		80253AEA63B24F0D5FD4224F /* Frameworks */ = {
			isa = PBXGroup;
			children = (
				A390259A96BF69CF679550E6 /* Pods_ObjCCocoapodsExample.framework */,
			);
			name = Frameworks;
			sourceTree = "<group>";
		};
		A1BE72ED264D0A5E00D60764 = {
			isa = PBXGroup;
			children = (
				A1BE72F8264D0A5E00D60764 /* ObjCCocoapodsExample */,
				A1BE72F7264D0A5E00D60764 /* Products */,
				3EE9F0E3C1D3996D5129A7E0 /* Pods */,
				80253AEA63B24F0D5FD4224F /* Frameworks */,
			);
			sourceTree = "<group>";
		};
		A1BE72F7264D0A5E00D60764 /* Products */ = {
			isa = PBXGroup;
			children = (
				A1BE72F6264D0A5E00D60764 /* ObjCCocoapodsExample.app */,
			);
			name = Products;
			sourceTree = "<group>";
		};
		A1BE72F8264D0A5E00D60764 /* ObjCCocoapodsExample */ = {
			isa = PBXGroup;
			children = (
				A1BE72F9264D0A5E00D60764 /* AppDelegate.h */,
				A1BE72FA264D0A5E00D60764 /* AppDelegate.m */,
				A1BE72FF264D0A5E00D60764 /* FidelExampleViewController.h */,
				A1BE7300264D0A5E00D60764 /* FidelExampleViewController.m */,
				A1BE7302264D0A5E00D60764 /* Main.storyboard */,
				A1BE7305264D0A5F00D60764 /* Assets.xcassets */,
				A1BE7307264D0A5F00D60764 /* LaunchScreen.storyboard */,
				A1BE730A264D0A5F00D60764 /* Info.plist */,
				A1BE730B264D0A5F00D60764 /* main.m */,
			);
			path = ObjCCocoapodsExample;
			sourceTree = "<group>";
		};
/* End PBXGroup section */

/* Begin PBXNativeTarget section */
		A1BE72F5264D0A5E00D60764 /* ObjCCocoapodsExample */ = {
			isa = PBXNativeTarget;
			buildConfigurationList = A1BE730F264D0A5F00D60764 /* Build configuration list for PBXNativeTarget "ObjCCocoapodsExample" */;
			buildPhases = (
				E02349A4C26C090DC75DAE4B /* [CP] Check Pods Manifest.lock */,
				A1BE72F2264D0A5E00D60764 /* Sources */,
				A1BE72F3264D0A5E00D60764 /* Frameworks */,
				A1BE72F4264D0A5E00D60764 /* Resources */,
				02072C88B87F3EEE5725C4BE /* [CP] Embed Pods Frameworks */,
			);
			buildRules = (
			);
			dependencies = (
			);
			name = ObjCCocoapodsExample;
			productName = ObjCCocoapodsExample;
			productReference = A1BE72F6264D0A5E00D60764 /* ObjCCocoapodsExample.app */;
			productType = "com.apple.product-type.application";
		};
/* End PBXNativeTarget section */

/* Begin PBXProject section */
		A1BE72EE264D0A5E00D60764 /* Project object */ = {
			isa = PBXProject;
			attributes = {
				LastUpgradeCheck = 1250;
				TargetAttributes = {
					A1BE72F5264D0A5E00D60764 = {
						CreatedOnToolsVersion = 12.5;
					};
				};
			};
			buildConfigurationList = A1BE72F1264D0A5E00D60764 /* Build configuration list for PBXProject "ObjCCocoapodsExample" */;
			compatibilityVersion = "Xcode 9.3";
			developmentRegion = en;
			hasScannedForEncodings = 0;
			knownRegions = (
				en,
				Base,
			);
			mainGroup = A1BE72ED264D0A5E00D60764;
			productRefGroup = A1BE72F7264D0A5E00D60764 /* Products */;
			projectDirPath = "";
			projectRoot = "";
			targets = (
				A1BE72F5264D0A5E00D60764 /* ObjCCocoapodsExample */,
			);
		};
/* End PBXProject section */

/* Begin PBXResourcesBuildPhase section */
		A1BE72F4264D0A5E00D60764 /* Resources */ = {
			isa = PBXResourcesBuildPhase;
			buildActionMask = 2147483647;
			files = (
				A1BE7309264D0A5F00D60764 /* LaunchScreen.storyboard in Resources */,
				A1BE7306264D0A5F00D60764 /* Assets.xcassets in Resources */,
				A1BE7304264D0A5E00D60764 /* Main.storyboard in Resources */,
			);
			runOnlyForDeploymentPostprocessing = 0;
		};
/* End PBXResourcesBuildPhase section */

/* Begin PBXShellScriptBuildPhase section */
		02072C88B87F3EEE5725C4BE /* [CP] Embed Pods Frameworks */ = {
			isa = PBXShellScriptBuildPhase;
			buildActionMask = 2147483647;
			files = (
			);
			inputFileListPaths = (
				"${PODS_ROOT}/Target Support Files/Pods-ObjCCocoapodsExample/Pods-ObjCCocoapodsExample-frameworks-${CONFIGURATION}-input-files.xcfilelist",
			);
			name = "[CP] Embed Pods Frameworks";
			outputFileListPaths = (
				"${PODS_ROOT}/Target Support Files/Pods-ObjCCocoapodsExample/Pods-ObjCCocoapodsExample-frameworks-${CONFIGURATION}-output-files.xcfilelist",
			);
			runOnlyForDeploymentPostprocessing = 0;
			shellPath = /bin/sh;
			shellScript = "\"${PODS_ROOT}/Target Support Files/Pods-ObjCCocoapodsExample/Pods-ObjCCocoapodsExample-frameworks.sh\"\n";
			showEnvVarsInLog = 0;
		};
		E02349A4C26C090DC75DAE4B /* [CP] Check Pods Manifest.lock */ = {
			isa = PBXShellScriptBuildPhase;
			buildActionMask = 2147483647;
			files = (
			);
			inputFileListPaths = (
			);
			inputPaths = (
				"${PODS_PODFILE_DIR_PATH}/Podfile.lock",
				"${PODS_ROOT}/Manifest.lock",
			);
			name = "[CP] Check Pods Manifest.lock";
			outputFileListPaths = (
			);
			outputPaths = (
				"$(DERIVED_FILE_DIR)/Pods-ObjCCocoapodsExample-checkManifestLockResult.txt",
			);
			runOnlyForDeploymentPostprocessing = 0;
			shellPath = /bin/sh;
			shellScript = "diff \"${PODS_PODFILE_DIR_PATH}/Podfile.lock\" \"${PODS_ROOT}/Manifest.lock\" > /dev/null\nif [ $? != 0 ] ; then\n    # print error to STDERR\n    echo \"error: The sandbox is not in sync with the Podfile.lock. Run 'pod install' or update your CocoaPods installation.\" >&2\n    exit 1\nfi\n# This output is used by Xcode 'outputs' to avoid re-running this script phase.\necho \"SUCCESS\" > \"${SCRIPT_OUTPUT_FILE_0}\"\n";
			showEnvVarsInLog = 0;
		};
/* End PBXShellScriptBuildPhase section */

/* Begin PBXSourcesBuildPhase section */
		A1BE72F2264D0A5E00D60764 /* Sources */ = {
			isa = PBXSourcesBuildPhase;
			buildActionMask = 2147483647;
			files = (
				A1BE7301264D0A5E00D60764 /* FidelExampleViewController.m in Sources */,
				A1BE72FB264D0A5E00D60764 /* AppDelegate.m in Sources */,
				A1BE730C264D0A5F00D60764 /* main.m in Sources */,
			);
			runOnlyForDeploymentPostprocessing = 0;
		};
/* End PBXSourcesBuildPhase section */

/* Begin PBXVariantGroup section */
		A1BE7302264D0A5E00D60764 /* Main.storyboard */ = {
			isa = PBXVariantGroup;
			children = (
				A1BE7303264D0A5E00D60764 /* Base */,
			);
			name = Main.storyboard;
			sourceTree = "<group>";
		};
		A1BE7307264D0A5F00D60764 /* LaunchScreen.storyboard */ = {
			isa = PBXVariantGroup;
			children = (
				A1BE7308264D0A5F00D60764 /* Base */,
			);
			name = LaunchScreen.storyboard;
			sourceTree = "<group>";
		};
/* End PBXVariantGroup section */

/* Begin XCBuildConfiguration section */
		A1BE730D264D0A5F00D60764 /* Debug */ = {
			isa = XCBuildConfiguration;
			buildSettings = {
				ALWAYS_SEARCH_USER_PATHS = NO;
				CLANG_ANALYZER_NONNULL = YES;
				CLANG_ANALYZER_NUMBER_OBJECT_CONVERSION = YES_AGGRESSIVE;
				CLANG_CXX_LANGUAGE_STANDARD = "gnu++14";
				CLANG_CXX_LIBRARY = "libc++";
				CLANG_ENABLE_MODULES = YES;
				CLANG_ENABLE_OBJC_ARC = YES;
				CLANG_ENABLE_OBJC_WEAK = YES;
				CLANG_WARN_BLOCK_CAPTURE_AUTORELEASING = YES;
				CLANG_WARN_BOOL_CONVERSION = YES;
				CLANG_WARN_COMMA = YES;
				CLANG_WARN_CONSTANT_CONVERSION = YES;
				CLANG_WARN_DEPRECATED_OBJC_IMPLEMENTATIONS = YES;
				CLANG_WARN_DIRECT_OBJC_ISA_USAGE = YES_ERROR;
				CLANG_WARN_DOCUMENTATION_COMMENTS = YES;
				CLANG_WARN_EMPTY_BODY = YES;
				CLANG_WARN_ENUM_CONVERSION = YES;
				CLANG_WARN_INFINITE_RECURSION = YES;
				CLANG_WARN_INT_CONVERSION = YES;
				CLANG_WARN_NON_LITERAL_NULL_CONVERSION = YES;
				CLANG_WARN_OBJC_IMPLICIT_RETAIN_SELF = YES;
				CLANG_WARN_OBJC_LITERAL_CONVERSION = YES;
				CLANG_WARN_OBJC_ROOT_CLASS = YES_ERROR;
				CLANG_WARN_QUOTED_INCLUDE_IN_FRAMEWORK_HEADER = YES;
				CLANG_WARN_RANGE_LOOP_ANALYSIS = YES;
				CLANG_WARN_STRICT_PROTOTYPES = YES;
				CLANG_WARN_SUSPICIOUS_MOVE = YES;
				CLANG_WARN_UNGUARDED_AVAILABILITY = YES_AGGRESSIVE;
				CLANG_WARN_UNREACHABLE_CODE = YES;
				CLANG_WARN__DUPLICATE_METHOD_MATCH = YES;
				COPY_PHASE_STRIP = NO;
				DEBUG_INFORMATION_FORMAT = dwarf;
				ENABLE_STRICT_OBJC_MSGSEND = YES;
				ENABLE_TESTABILITY = YES;
				GCC_C_LANGUAGE_STANDARD = gnu11;
				GCC_DYNAMIC_NO_PIC = NO;
				GCC_NO_COMMON_BLOCKS = YES;
				GCC_OPTIMIZATION_LEVEL = 0;
				GCC_PREPROCESSOR_DEFINITIONS = (
					"DEBUG=1",
					"$(inherited)",
				);
				GCC_WARN_64_TO_32_BIT_CONVERSION = YES;
				GCC_WARN_ABOUT_RETURN_TYPE = YES_ERROR;
				GCC_WARN_UNDECLARED_SELECTOR = YES;
				GCC_WARN_UNINITIALIZED_AUTOS = YES_AGGRESSIVE;
				GCC_WARN_UNUSED_FUNCTION = YES;
				GCC_WARN_UNUSED_VARIABLE = YES;
				IPHONEOS_DEPLOYMENT_TARGET = 14.5;
				MTL_ENABLE_DEBUG_INFO = INCLUDE_SOURCE;
				MTL_FAST_MATH = YES;
				ONLY_ACTIVE_ARCH = YES;
				SDKROOT = iphoneos;
			};
			name = Debug;
		};
		A1BE730E264D0A5F00D60764 /* Release */ = {
			isa = XCBuildConfiguration;
			buildSettings = {
				ALWAYS_SEARCH_USER_PATHS = NO;
				CLANG_ANALYZER_NONNULL = YES;
				CLANG_ANALYZER_NUMBER_OBJECT_CONVERSION = YES_AGGRESSIVE;
				CLANG_CXX_LANGUAGE_STANDARD = "gnu++14";
				CLANG_CXX_LIBRARY = "libc++";
				CLANG_ENABLE_MODULES = YES;
				CLANG_ENABLE_OBJC_ARC = YES;
				CLANG_ENABLE_OBJC_WEAK = YES;
				CLANG_WARN_BLOCK_CAPTURE_AUTORELEASING = YES;
				CLANG_WARN_BOOL_CONVERSION = YES;
				CLANG_WARN_COMMA = YES;
				CLANG_WARN_CONSTANT_CONVERSION = YES;
				CLANG_WARN_DEPRECATED_OBJC_IMPLEMENTATIONS = YES;
				CLANG_WARN_DIRECT_OBJC_ISA_USAGE = YES_ERROR;
				CLANG_WARN_DOCUMENTATION_COMMENTS = YES;
				CLANG_WARN_EMPTY_BODY = YES;
				CLANG_WARN_ENUM_CONVERSION = YES;
				CLANG_WARN_INFINITE_RECURSION = YES;
				CLANG_WARN_INT_CONVERSION = YES;
				CLANG_WARN_NON_LITERAL_NULL_CONVERSION = YES;
				CLANG_WARN_OBJC_IMPLICIT_RETAIN_SELF = YES;
				CLANG_WARN_OBJC_LITERAL_CONVERSION = YES;
				CLANG_WARN_OBJC_ROOT_CLASS = YES_ERROR;
				CLANG_WARN_QUOTED_INCLUDE_IN_FRAMEWORK_HEADER = YES;
				CLANG_WARN_RANGE_LOOP_ANALYSIS = YES;
				CLANG_WARN_STRICT_PROTOTYPES = YES;
				CLANG_WARN_SUSPICIOUS_MOVE = YES;
				CLANG_WARN_UNGUARDED_AVAILABILITY = YES_AGGRESSIVE;
				CLANG_WARN_UNREACHABLE_CODE = YES;
				CLANG_WARN__DUPLICATE_METHOD_MATCH = YES;
				COPY_PHASE_STRIP = NO;
				DEBUG_INFORMATION_FORMAT = "dwarf-with-dsym";
				ENABLE_NS_ASSERTIONS = NO;
				ENABLE_STRICT_OBJC_MSGSEND = YES;
				GCC_C_LANGUAGE_STANDARD = gnu11;
				GCC_NO_COMMON_BLOCKS = YES;
				GCC_WARN_64_TO_32_BIT_CONVERSION = YES;
				GCC_WARN_ABOUT_RETURN_TYPE = YES_ERROR;
				GCC_WARN_UNDECLARED_SELECTOR = YES;
				GCC_WARN_UNINITIALIZED_AUTOS = YES_AGGRESSIVE;
				GCC_WARN_UNUSED_FUNCTION = YES;
				GCC_WARN_UNUSED_VARIABLE = YES;
				IPHONEOS_DEPLOYMENT_TARGET = 14.5;
				MTL_ENABLE_DEBUG_INFO = NO;
				MTL_FAST_MATH = YES;
				SDKROOT = iphoneos;
				VALIDATE_PRODUCT = YES;
			};
			name = Release;
		};
		A1BE7310264D0A5F00D60764 /* Debug */ = {
			isa = XCBuildConfiguration;
			baseConfigurationReference = D9F11457AD4D76CE2460BA89 /* Pods-ObjCCocoapodsExample.debug.xcconfig */;
			buildSettings = {
				ASSETCATALOG_COMPILER_APPICON_NAME = AppIcon;
				ASSETCATALOG_COMPILER_GLOBAL_ACCENT_COLOR_NAME = AccentColor;
				CODE_SIGN_STYLE = Automatic;
				DEVELOPMENT_TEAM = "";
				INFOPLIST_FILE = ObjCCocoapodsExample/Info.plist;
				IPHONEOS_DEPLOYMENT_TARGET = 9.1;
				LD_RUNPATH_SEARCH_PATHS = (
					"$(inherited)",
					"@executable_path/Frameworks",
				);
				PRODUCT_BUNDLE_IDENTIFIER = uk.fidel.ObjCCocoapodsExample;
				PRODUCT_NAME = "$(TARGET_NAME)";
				TARGETED_DEVICE_FAMILY = "1,2";
			};
			name = Debug;
		};
		A1BE7311264D0A5F00D60764 /* Release */ = {
			isa = XCBuildConfiguration;
			baseConfigurationReference = 11BE2B7AFB8C6B7AF1B8D69A /* Pods-ObjCCocoapodsExample.release.xcconfig */;
			buildSettings = {
				ASSETCATALOG_COMPILER_APPICON_NAME = AppIcon;
				ASSETCATALOG_COMPILER_GLOBAL_ACCENT_COLOR_NAME = AccentColor;
				CODE_SIGN_STYLE = Automatic;
				DEVELOPMENT_TEAM = "";
				INFOPLIST_FILE = ObjCCocoapodsExample/Info.plist;
				IPHONEOS_DEPLOYMENT_TARGET = 9.1;
				LD_RUNPATH_SEARCH_PATHS = (
					"$(inherited)",
					"@executable_path/Frameworks",
				);
				PRODUCT_BUNDLE_IDENTIFIER = uk.fidel.ObjCCocoapodsExample;
				PRODUCT_NAME = "$(TARGET_NAME)";
				TARGETED_DEVICE_FAMILY = "1,2";
			};
			name = Release;
		};
/* End XCBuildConfiguration section */

/* Begin XCConfigurationList section */
		A1BE72F1264D0A5E00D60764 /* Build configuration list for PBXProject "ObjCCocoapodsExample" */ = {
			isa = XCConfigurationList;
			buildConfigurations = (
				A1BE730D264D0A5F00D60764 /* Debug */,
				A1BE730E264D0A5F00D60764 /* Release */,
			);
			defaultConfigurationIsVisible = 0;
			defaultConfigurationName = Release;
		};
		A1BE730F264D0A5F00D60764 /* Build configuration list for PBXNativeTarget "ObjCCocoapodsExample" */ = {
			isa = XCConfigurationList;
			buildConfigurations = (
				A1BE7310264D0A5F00D60764 /* Debug */,
				A1BE7311264D0A5F00D60764 /* Release */,
			);
			defaultConfigurationIsVisible = 0;
			defaultConfigurationName = Release;
		};
/* End XCConfigurationList section */
	};
	rootObject = A1BE72EE264D0A5E00D60764 /* Project object */;
}
