// !$*UTF8*$!
{
	archiveVersion = 1;
	classes = {
	};
	objectVersion = 56;
	objects = {

/* Begin PBXBuildFile section */
		5713DC782908019A00399CA3 /* SheetViewController.swift in Sources */ = {isa = PBXBuildFile; fileRef = 5713DC772908019A00399CA3 /* SheetViewController.swift */; };
		5713DC7E29082AB300399CA3 /* FidelUIPresentingViewController.swift in Sources */ = {isa = PBXBuildFile; fileRef = 5713DC7D29082AB300399CA3 /* FidelUIPresentingViewController.swift */; };
		57A10FA52907F6BD003D979B /* SwiftUICocoapodsExampleApp.swift in Sources */ = {isa = PBXBuildFile; fileRef = 57A10FA42907F6BD003D979B /* SwiftUICocoapodsExampleApp.swift */; };
		57A10FA72907F6BD003D979B /* SheetView.swift in Sources */ = {isa = PBXBuildFile; fileRef = 57A10FA62907F6BD003D979B /* SheetView.swift */; };
		57A10FA92907F6BF003D979B /* Assets.xcassets in Resources */ = {isa = PBXBuildFile; fileRef = 57A10FA82907F6BF003D979B /* Assets.xcassets */; };
		57BCEB2729092E380051C89F /* MainView.swift in Sources */ = {isa = PBXBuildFile; fileRef = 57BCEB2629092E380051C89F /* MainView.swift */; };
		C090DFF2E4C289D828CB9FC7 /* Pods_SwiftUICocoapodsExample.framework in Frameworks */ = {isa = PBXBuildFile; fileRef = FE82FE0D9C3A76567F64E782 /* Pods_SwiftUICocoapodsExample.framework */; };
/* End PBXBuildFile section */

/* Begin PBXFileReference section */
		1E5A32B0402CEB01234B0360 /* Pods-SwiftUICocoapodsExample.release.xcconfig */ = {isa = PBXFileReference; includeInIndex = 1; lastKnownFileType = text.xcconfig; name = "Pods-SwiftUICocoapodsExample.release.xcconfig"; path = "Target Support Files/Pods-SwiftUICocoapodsExample/Pods-SwiftUICocoapodsExample.release.xcconfig"; sourceTree = "<group>"; };
		5713DC772908019A00399CA3 /* SheetViewController.swift */ = {isa = PBXFileReference; lastKnownFileType = sourcecode.swift; path = SheetViewController.swift; sourceTree = "<group>"; };
		5713DC7D29082AB300399CA3 /* FidelUIPresentingViewController.swift */ = {isa = PBXFileReference; lastKnownFileType = sourcecode.swift; path = FidelUIPresentingViewController.swift; sourceTree = "<group>"; };
		57A10FA12907F6BD003D979B /* SwiftUICocoapodsExample.app */ = {isa = PBXFileReference; explicitFileType = wrapper.application; includeInIndex = 0; path = SwiftUICocoapodsExample.app; sourceTree = BUILT_PRODUCTS_DIR; };
		57A10FA42907F6BD003D979B /* SwiftUICocoapodsExampleApp.swift */ = {isa = PBXFileReference; lastKnownFileType = sourcecode.swift; path = SwiftUICocoapodsExampleApp.swift; sourceTree = "<group>"; };
		57A10FA62907F6BD003D979B /* SheetView.swift */ = {isa = PBXFileReference; lastKnownFileType = sourcecode.swift; path = SheetView.swift; sourceTree = "<group>"; };
		57A10FA82907F6BF003D979B /* Assets.xcassets */ = {isa = PBXFileReference; lastKnownFileType = folder.assetcatalog; path = Assets.xcassets; sourceTree = "<group>"; };
		57BCEB2629092E380051C89F /* MainView.swift */ = {isa = PBXFileReference; lastKnownFileType = sourcecode.swift; path = MainView.swift; sourceTree = "<group>"; };
		72E0FEC493888607E33860AC /* Pods-SwiftUICocoapodsExample.debug.xcconfig */ = {isa = PBXFileReference; includeInIndex = 1; lastKnownFileType = text.xcconfig; name = "Pods-SwiftUICocoapodsExample.debug.xcconfig"; path = "Target Support Files/Pods-SwiftUICocoapodsExample/Pods-SwiftUICocoapodsExample.debug.xcconfig"; sourceTree = "<group>"; };
		FE82FE0D9C3A76567F64E782 /* Pods_SwiftUICocoapodsExample.framework */ = {isa = PBXFileReference; explicitFileType = wrapper.framework; includeInIndex = 0; path = Pods_SwiftUICocoapodsExample.framework; sourceTree = BUILT_PRODUCTS_DIR; };
/* End PBXFileReference section */

/* Begin PBXFrameworksBuildPhase section */
		57A10F9E2907F6BD003D979B /* Frameworks */ = {
			isa = PBXFrameworksBuildPhase;
			buildActionMask = 2147483647;
			files = (
				C090DFF2E4C289D828CB9FC7 /* Pods_SwiftUICocoapodsExample.framework in Frameworks */,
			);
			runOnlyForDeploymentPostprocessing = 0;
		};
/* End PBXFrameworksBuildPhase section */

/* Begin PBXGroup section */
		57A10F982907F6BD003D979B = {
			isa = PBXGroup;
			children = (
				57A10FA32907F6BD003D979B /* SwiftUICocoapodsExample */,
				57A10FA22907F6BD003D979B /* Products */,
				8FB76531AD060D0BA85B6B94 /* Pods */,
				6B66630198DC3617E88108B9 /* Frameworks */,
			);
			sourceTree = "<group>";
		};
		57A10FA22907F6BD003D979B /* Products */ = {
			isa = PBXGroup;
			children = (
				57A10FA12907F6BD003D979B /* SwiftUICocoapodsExample.app */,
			);
			name = Products;
			sourceTree = "<group>";
		};
		57A10FA32907F6BD003D979B /* SwiftUICocoapodsExample */ = {
			isa = PBXGroup;
			children = (
				57A10FA42907F6BD003D979B /* SwiftUICocoapodsExampleApp.swift */,
				57A10FA62907F6BD003D979B /* SheetView.swift */,
				57A10FA82907F6BF003D979B /* Assets.xcassets */,
				5713DC772908019A00399CA3 /* SheetViewController.swift */,
				5713DC7D29082AB300399CA3 /* FidelUIPresentingViewController.swift */,
				57BCEB2629092E380051C89F /* MainView.swift */,
			);
			path = SwiftUICocoapodsExample;
			sourceTree = "<group>";
		};
		6B66630198DC3617E88108B9 /* Frameworks */ = {
			isa = PBXGroup;
			children = (
				FE82FE0D9C3A76567F64E782 /* Pods_SwiftUICocoapodsExample.framework */,
			);
			name = Frameworks;
			sourceTree = "<group>";
		};
		8FB76531AD060D0BA85B6B94 /* Pods */ = {
			isa = PBXGroup;
			children = (
				72E0FEC493888607E33860AC /* Pods-SwiftUICocoapodsExample.debug.xcconfig */,
				1E5A32B0402CEB01234B0360 /* Pods-SwiftUICocoapodsExample.release.xcconfig */,
			);
			path = Pods;
			sourceTree = "<group>";
		};
/* End PBXGroup section */

/* Begin PBXNativeTarget section */
		57A10FA02907F6BD003D979B /* SwiftUICocoapodsExample */ = {
			isa = PBXNativeTarget;
			buildConfigurationList = 57A10FAF2907F6BF003D979B /* Build configuration list for PBXNativeTarget "SwiftUICocoapodsExample" */;
			buildPhases = (
				C28626C407C41EEB6C9E7D7A /* [CP] Check Pods Manifest.lock */,
				57A10F9D2907F6BD003D979B /* Sources */,
				57A10F9E2907F6BD003D979B /* Frameworks */,
				57A10F9F2907F6BD003D979B /* Resources */,
				13AC43B172E36809F9321C23 /* [CP] Embed Pods Frameworks */,
			);
			buildRules = (
			);
			dependencies = (
			);
			name = SwiftUICocoapodsExample;
			productName = SwiftCocoapodsExample;
			productReference = 57A10FA12907F6BD003D979B /* SwiftUICocoapodsExample.app */;
			productType = "com.apple.product-type.application";
		};
/* End PBXNativeTarget section */

/* Begin PBXProject section */
		57A10F992907F6BD003D979B /* Project object */ = {
			isa = PBXProject;
			attributes = {
				BuildIndependentTargetsInParallel = 1;
				LastSwiftUpdateCheck = 1400;
				LastUpgradeCheck = 1400;
				TargetAttributes = {
					57A10FA02907F6BD003D979B = {
						CreatedOnToolsVersion = 14.0.1;
					};
				};
			};
			buildConfigurationList = 57A10F9C2907F6BD003D979B /* Build configuration list for PBXProject "SwiftUICocoapodsExample" */;
			compatibilityVersion = "Xcode 14.0";
			developmentRegion = en;
			hasScannedForEncodings = 0;
			knownRegions = (
				en,
				Base,
			);
			mainGroup = 57A10F982907F6BD003D979B;
			productRefGroup = 57A10FA22907F6BD003D979B /* Products */;
			projectDirPath = "";
			projectRoot = "";
			targets = (
				57A10FA02907F6BD003D979B /* SwiftUICocoapodsExample */,
			);
		};
/* End PBXProject section */

/* Begin PBXResourcesBuildPhase section */
		57A10F9F2907F6BD003D979B /* Resources */ = {
			isa = PBXResourcesBuildPhase;
			buildActionMask = 2147483647;
			files = (
				57A10FA92907F6BF003D979B /* Assets.xcassets in Resources */,
			);
			runOnlyForDeploymentPostprocessing = 0;
		};
/* End PBXResourcesBuildPhase section */

/* Begin PBXShellScriptBuildPhase section */
		13AC43B172E36809F9321C23 /* [CP] Embed Pods Frameworks */ = {
			isa = PBXShellScriptBuildPhase;
			buildActionMask = 2147483647;
			files = (
			);
			inputFileListPaths = (
				"${PODS_ROOT}/Target Support Files/Pods-SwiftUICocoapodsExample/Pods-SwiftUICocoapodsExample-frameworks-${CONFIGURATION}-input-files.xcfilelist",
			);
			name = "[CP] Embed Pods Frameworks";
			outputFileListPaths = (
				"${PODS_ROOT}/Target Support Files/Pods-SwiftUICocoapodsExample/Pods-SwiftUICocoapodsExample-frameworks-${CONFIGURATION}-output-files.xcfilelist",
			);
			runOnlyForDeploymentPostprocessing = 0;
			shellPath = /bin/sh;
			shellScript = "\"${PODS_ROOT}/Target Support Files/Pods-SwiftUICocoapodsExample/Pods-SwiftUICocoapodsExample-frameworks.sh\"\n";
			showEnvVarsInLog = 0;
		};
		C28626C407C41EEB6C9E7D7A /* [CP] Check Pods Manifest.lock */ = {
			isa = PBXShellScriptBuildPhase;
			buildActionMask = 2147483647;
			files = (
			);
			inputFileListPaths = (
			);
			inputPaths = (
				"${PODS_PODFILE_DIR_PATH}/Podfile.lock",
				"${PODS_ROOT}/Manifest.lock",
			);
			name = "[CP] Check Pods Manifest.lock";
			outputFileListPaths = (
			);
			outputPaths = (
				"$(DERIVED_FILE_DIR)/Pods-SwiftUICocoapodsExample-checkManifestLockResult.txt",
			);
			runOnlyForDeploymentPostprocessing = 0;
			shellPath = /bin/sh;
			shellScript = "diff \"${PODS_PODFILE_DIR_PATH}/Podfile.lock\" \"${PODS_ROOT}/Manifest.lock\" > /dev/null\nif [ $? != 0 ] ; then\n    # print error to STDERR\n    echo \"error: The sandbox is not in sync with the Podfile.lock. Run 'pod install' or update your CocoaPods installation.\" >&2\n    exit 1\nfi\n# This output is used by Xcode 'outputs' to avoid re-running this script phase.\necho \"SUCCESS\" > \"${SCRIPT_OUTPUT_FILE_0}\"\n";
			showEnvVarsInLog = 0;
		};
/* End PBXShellScriptBuildPhase section */

/* Begin PBXSourcesBuildPhase section */
		57A10F9D2907F6BD003D979B /* Sources */ = {
			isa = PBXSourcesBuildPhase;
			buildActionMask = 2147483647;
			files = (
				57BCEB2729092E380051C89F /* MainView.swift in Sources */,
				5713DC782908019A00399CA3 /* SheetViewController.swift in Sources */,
				57A10FA72907F6BD003D979B /* SheetView.swift in Sources */,
				57A10FA52907F6BD003D979B /* SwiftUICocoapodsExampleApp.swift in Sources */,
				5713DC7E29082AB300399CA3 /* FidelUIPresentingViewController.swift in Sources */,
			);
			runOnlyForDeploymentPostprocessing = 0;
		};
/* End PBXSourcesBuildPhase section */

/* Begin XCBuildConfiguration section */
		57A10FAD2907F6BF003D979B /* Debug */ = {
			isa = XCBuildConfiguration;
			buildSettings = {
				ALWAYS_SEARCH_USER_PATHS = NO;
				CLANG_ANALYZER_NONNULL = YES;
				CLANG_ANALYZER_NUMBER_OBJECT_CONVERSION = YES_AGGRESSIVE;
				CLANG_CXX_LANGUAGE_STANDARD = "gnu++20";
				CLANG_ENABLE_MODULES = YES;
				CLANG_ENABLE_OBJC_ARC = YES;
				CLANG_ENABLE_OBJC_WEAK = YES;
				CLANG_WARN_BLOCK_CAPTURE_AUTORELEASING = YES;
				CLANG_WARN_BOOL_CONVERSION = YES;
				CLANG_WARN_COMMA = YES;
				CLANG_WARN_CONSTANT_CONVERSION = YES;
				CLANG_WARN_DEPRECATED_OBJC_IMPLEMENTATIONS = YES;
				CLANG_WARN_DIRECT_OBJC_ISA_USAGE = YES_ERROR;
				CLANG_WARN_DOCUMENTATION_COMMENTS = YES;
				CLANG_WARN_EMPTY_BODY = YES;
				CLANG_WARN_ENUM_CONVERSION = YES;
				CLANG_WARN_INFINITE_RECURSION = YES;
				CLANG_WARN_INT_CONVERSION = YES;
				CLANG_WARN_NON_LITERAL_NULL_CONVERSION = YES;
				CLANG_WARN_OBJC_IMPLICIT_RETAIN_SELF = YES;
				CLANG_WARN_OBJC_LITERAL_CONVERSION = YES;
				CLANG_WARN_OBJC_ROOT_CLASS = YES_ERROR;
				CLANG_WARN_QUOTED_INCLUDE_IN_FRAMEWORK_HEADER = YES;
				CLANG_WARN_RANGE_LOOP_ANALYSIS = YES;
				CLANG_WARN_STRICT_PROTOTYPES = YES;
				CLANG_WARN_SUSPICIOUS_MOVE = YES;
				CLANG_WARN_UNGUARDED_AVAILABILITY = YES_AGGRESSIVE;
				CLANG_WARN_UNREACHABLE_CODE = YES;
				CLANG_WARN__DUPLICATE_METHOD_MATCH = YES;
				COPY_PHASE_STRIP = NO;
				DEBUG_INFORMATION_FORMAT = dwarf;
				ENABLE_STRICT_OBJC_MSGSEND = YES;
				ENABLE_TESTABILITY = YES;
				GCC_C_LANGUAGE_STANDARD = gnu11;
				GCC_DYNAMIC_NO_PIC = NO;
				GCC_NO_COMMON_BLOCKS = YES;
				GCC_OPTIMIZATION_LEVEL = 0;
				GCC_PREPROCESSOR_DEFINITIONS = (
					"DEBUG=1",
					"$(inherited)",
				);
				GCC_WARN_64_TO_32_BIT_CONVERSION = YES;
				GCC_WARN_ABOUT_RETURN_TYPE = YES_ERROR;
				GCC_WARN_UNDECLARED_SELECTOR = YES;
				GCC_WARN_UNINITIALIZED_AUTOS = YES_AGGRESSIVE;
				GCC_WARN_UNUSED_FUNCTION = YES;
				GCC_WARN_UNUSED_VARIABLE = YES;
				IPHONEOS_DEPLOYMENT_TARGET = 16.0;
				MTL_ENABLE_DEBUG_INFO = INCLUDE_SOURCE;
				MTL_FAST_MATH = YES;
				ONLY_ACTIVE_ARCH = YES;
				SDKROOT = iphoneos;
				SWIFT_ACTIVE_COMPILATION_CONDITIONS = DEBUG;
				SWIFT_OPTIMIZATION_LEVEL = "-Onone";
			};
			name = Debug;
		};
		57A10FAE2907F6BF003D979B /* Release */ = {
			isa = XCBuildConfiguration;
			buildSettings = {
				ALWAYS_SEARCH_USER_PATHS = NO;
				CLANG_ANALYZER_NONNULL = YES;
				CLANG_ANALYZER_NUMBER_OBJECT_CONVERSION = YES_AGGRESSIVE;
				CLANG_CXX_LANGUAGE_STANDARD = "gnu++20";
				CLANG_ENABLE_MODULES = YES;
				CLANG_ENABLE_OBJC_ARC = YES;
				CLANG_ENABLE_OBJC_WEAK = YES;
				CLANG_WARN_BLOCK_CAPTURE_AUTORELEASING = YES;
				CLANG_WARN_BOOL_CONVERSION = YES;
				CLANG_WARN_COMMA = YES;
				CLANG_WARN_CONSTANT_CONVERSION = YES;
				CLANG_WARN_DEPRECATED_OBJC_IMPLEMENTATIONS = YES;
				CLANG_WARN_DIRECT_OBJC_ISA_USAGE = YES_ERROR;
				CLANG_WARN_DOCUMENTATION_COMMENTS = YES;
				CLANG_WARN_EMPTY_BODY = YES;
				CLANG_WARN_ENUM_CONVERSION = YES;
				CLANG_WARN_INFINITE_RECURSION = YES;
				CLANG_WARN_INT_CONVERSION = YES;
				CLANG_WARN_NON_LITERAL_NULL_CONVERSION = YES;
				CLANG_WARN_OBJC_IMPLICIT_RETAIN_SELF = YES;
				CLANG_WARN_OBJC_LITERAL_CONVERSION = YES;
				CLANG_WARN_OBJC_ROOT_CLASS = YES_ERROR;
				CLANG_WARN_QUOTED_INCLUDE_IN_FRAMEWORK_HEADER = YES;
				CLANG_WARN_RANGE_LOOP_ANALYSIS = YES;
				CLANG_WARN_STRICT_PROTOTYPES = YES;
				CLANG_WARN_SUSPICIOUS_MOVE = YES;
				CLANG_WARN_UNGUARDED_AVAILABILITY = YES_AGGRESSIVE;
				CLANG_WARN_UNREACHABLE_CODE = YES;
				CLANG_WARN__DUPLICATE_METHOD_MATCH = YES;
				COPY_PHASE_STRIP = NO;
				DEBUG_INFORMATION_FORMAT = "dwarf-with-dsym";
				ENABLE_NS_ASSERTIONS = NO;
				ENABLE_STRICT_OBJC_MSGSEND = YES;
				GCC_C_LANGUAGE_STANDARD = gnu11;
				GCC_NO_COMMON_BLOCKS = YES;
				GCC_WARN_64_TO_32_BIT_CONVERSION = YES;
				GCC_WARN_ABOUT_RETURN_TYPE = YES_ERROR;
				GCC_WARN_UNDECLARED_SELECTOR = YES;
				GCC_WARN_UNINITIALIZED_AUTOS = YES_AGGRESSIVE;
				GCC_WARN_UNUSED_FUNCTION = YES;
				GCC_WARN_UNUSED_VARIABLE = YES;
				IPHONEOS_DEPLOYMENT_TARGET = 16.0;
				MTL_ENABLE_DEBUG_INFO = NO;
				MTL_FAST_MATH = YES;
				SDKROOT = iphoneos;
				SWIFT_COMPILATION_MODE = wholemodule;
				SWIFT_OPTIMIZATION_LEVEL = "-O";
				VALIDATE_PRODUCT = YES;
			};
			name = Release;
		};
		57A10FB02907F6BF003D979B /* Debug */ = {
			isa = XCBuildConfiguration;
			baseConfigurationReference = 72E0FEC493888607E33860AC /* Pods-SwiftUICocoapodsExample.debug.xcconfig */;
			buildSettings = {
				ASSETCATALOG_COMPILER_APPICON_NAME = AppIcon;
				ASSETCATALOG_COMPILER_GLOBAL_ACCENT_COLOR_NAME = AccentColor;
				CODE_SIGN_STYLE = Automatic;
				CURRENT_PROJECT_VERSION = 1;
				DEVELOPMENT_ASSET_PATHS = "";
				DEVELOPMENT_TEAM = "";
				ENABLE_PREVIEWS = YES;
				GENERATE_INFOPLIST_FILE = YES;
				INFOPLIST_KEY_NSCameraUsageDescription = "For card scanning";
				INFOPLIST_KEY_UIApplicationSceneManifest_Generation = YES;
				INFOPLIST_KEY_UIApplicationSupportsIndirectInputEvents = YES;
				INFOPLIST_KEY_UILaunchScreen_Generation = YES;
				INFOPLIST_KEY_UISupportedInterfaceOrientations_iPad = "UIInterfaceOrientationPortrait UIInterfaceOrientationPortraitUpsideDown UIInterfaceOrientationLandscapeLeft UIInterfaceOrientationLandscapeRight";
				INFOPLIST_KEY_UISupportedInterfaceOrientations_iPhone = "UIInterfaceOrientationPortrait UIInterfaceOrientationLandscapeLeft UIInterfaceOrientationLandscapeRight";
				IPHONEOS_DEPLOYMENT_TARGET = 14.0;
				LD_RUNPATH_SEARCH_PATHS = (
					"$(inherited)",
					"@executable_path/Frameworks",
				);
				MARKETING_VERSION = 1.0;
				PRODUCT_BUNDLE_IDENTIFIER = com.fidelapi.SwiftUICocoapodsExample;
				PRODUCT_NAME = "$(TARGET_NAME)";
				SUPPORTED_PLATFORMS = "iphoneos iphonesimulator";
				SUPPORTS_MACCATALYST = NO;
				SUPPORTS_MAC_DESIGNED_FOR_IPHONE_IPAD = NO;
				SWIFT_EMIT_LOC_STRINGS = YES;
				SWIFT_VERSION = 5.0;
				TARGETED_DEVICE_FAMILY = 1;
			};
			name = Debug;
		};
		57A10FB12907F6BF003D979B /* Release */ = {
			isa = XCBuildConfiguration;
			baseConfigurationReference = 1E5A32B0402CEB01234B0360 /* Pods-SwiftUICocoapodsExample.release.xcconfig */;
			buildSettings = {
				ASSETCATALOG_COMPILER_APPICON_NAME = AppIcon;
				ASSETCATALOG_COMPILER_GLOBAL_ACCENT_COLOR_NAME = AccentColor;
				CODE_SIGN_STYLE = Automatic;
				CURRENT_PROJECT_VERSION = 1;
				DEVELOPMENT_ASSET_PATHS = "";
				DEVELOPMENT_TEAM = "";
				ENABLE_PREVIEWS = YES;
				GENERATE_INFOPLIST_FILE = YES;
				INFOPLIST_KEY_NSCameraUsageDescription = "For card scanning";
				INFOPLIST_KEY_UIApplicationSceneManifest_Generation = YES;
				INFOPLIST_KEY_UIApplicationSupportsIndirectInputEvents = YES;
				INFOPLIST_KEY_UILaunchScreen_Generation = YES;
				INFOPLIST_KEY_UISupportedInterfaceOrientations_iPad = "UIInterfaceOrientationPortrait UIInterfaceOrientationPortraitUpsideDown UIInterfaceOrientationLandscapeLeft UIInterfaceOrientationLandscapeRight";
				INFOPLIST_KEY_UISupportedInterfaceOrientations_iPhone = "UIInterfaceOrientationPortrait UIInterfaceOrientationLandscapeLeft UIInterfaceOrientationLandscapeRight";
				IPHONEOS_DEPLOYMENT_TARGET = 14.0;
				LD_RUNPATH_SEARCH_PATHS = (
					"$(inherited)",
					"@executable_path/Frameworks",
				);
				MARKETING_VERSION = 1.0;
				PRODUCT_BUNDLE_IDENTIFIER = com.fidelapi.SwiftUICocoapodsExample;
				PRODUCT_NAME = "$(TARGET_NAME)";
				SUPPORTED_PLATFORMS = "iphoneos iphonesimulator";
				SUPPORTS_MACCATALYST = NO;
				SUPPORTS_MAC_DESIGNED_FOR_IPHONE_IPAD = NO;
				SWIFT_EMIT_LOC_STRINGS = YES;
				SWIFT_VERSION = 5.0;
				TARGETED_DEVICE_FAMILY = 1;
			};
			name = Release;
		};
/* End XCBuildConfiguration section */

/* Begin XCConfigurationList section */
		57A10F9C2907F6BD003D979B /* Build configuration list for PBXProject "SwiftUICocoapodsExample" */ = {
			isa = XCConfigurationList;
			buildConfigurations = (
				57A10FAD2907F6BF003D979B /* Debug */,
				57A10FAE2907F6BF003D979B /* Release */,
			);
			defaultConfigurationIsVisible = 0;
			defaultConfigurationName = Release;
		};
		57A10FAF2907F6BF003D979B /* Build configuration list for PBXNativeTarget "SwiftUICocoapodsExample" */ = {
			isa = XCConfigurationList;
			buildConfigurations = (
				57A10FB02907F6BF003D979B /* Debug */,
				57A10FB12907F6BF003D979B /* Release */,
			);
			defaultConfigurationIsVisible = 0;
			defaultConfigurationName = Release;
		};
/* End XCConfigurationList section */
	};
	rootObject = 57A10F992907F6BD003D979B /* Project object */;
}
